
Microsoft Visual Studio Solution File, Format Version 12.00
# Visual Studio Version 16
VisualStudioVersion = 16.0.34407.143
MinimumVisualStudioVersion = 10.0.40219.1
Project("{FAE04EC0-301F-11D3-BF4B-00C04F79EFBC}") = "WebSongs1", "WebSongs1\WebSongs1.csproj", "{A94294E2-28D4-4A6F-9943-43D9BF790350}"
EndProject
Global
	GlobalSection(SolutionConfigurationPlatforms) = preSolution
		Debug|Any CPU = Debug|Any CPU
		Release|Any CPU = Release|Any CPU
	EndGlobalSection
	GlobalSection(ProjectConfigurationPlatforms) = postSolution
		{A94294E2-28D4-4A6F-9943-43D9BF790350}.Debug|Any CPU.ActiveCfg = Debug|Any CPU
		{A94294E2-28D4-4A6F-9943-43D9BF790350}.Debug|Any CPU.Build.0 = Debug|Any CPU
		{A94294E2-28D4-4A6F-9943-43D9BF790350}.Release|Any CPU.ActiveCfg = Release|Any CPU
		{A94294E2-28D4-4A6F-9943-43D9BF790350}.Release|Any CPU.Build.0 = Release|Any CPU
	EndGlobalSection
	GlobalSection(SolutionProperties) = preSolution
		HideSolutionNode = FALSE
	EndGlobalSection
	GlobalSection(ExtensibilityGlobals) = postSolution
		SolutionGuid = {03591B4A-1FE3-4B21-B0A6-096E91E01330}
	EndGlobalSection
EndGlobal
