
Microsoft Visual Studio Solution File, Format Version 12.00
# Visual Studio Version 17
VisualStudioVersion = 17.8.34525.116
MinimumVisualStudioVersion = 10.0.40219.1
Project("{FAE04EC0-301F-11D3-BF4B-00C04F79EFBC}") = "Budget", "Budget\Budget.csproj", "{916752C6-560C-4EA2-BDD6-1BAFF9A6B0E3}"
EndProject
Global
	GlobalSection(SolutionConfigurationPlatforms) = preSolution
		Debug|Any CPU = Debug|Any CPU
		Release|Any CPU = Release|Any CPU
	EndGlobalSection
	GlobalSection(ProjectConfigurationPlatforms) = postSolution
		{916752C6-560C-4EA2-BDD6-1BAFF9A6B0E3}.Debug|Any CPU.ActiveCfg = Debug|Any CPU
		{916752C6-560C-4EA2-BDD6-1BAFF9A6B0E3}.Debug|Any CPU.Build.0 = Debug|Any CPU
		{916752C6-560C-4EA2-BDD6-1BAFF9A6B0E3}.Release|Any CPU.ActiveCfg = Release|Any CPU
		{916752C6-560C-4EA2-BDD6-1BAFF9A6B0E3}.Release|Any CPU.Build.0 = Release|Any CPU
	EndGlobalSection
	GlobalSection(SolutionProperties) = preSolution
		HideSolutionNode = FALSE
	EndGlobalSection
	GlobalSection(ExtensibilityGlobals) = postSolution
		SolutionGuid = {226F39A6-4F20-490A-8F25-CE863822BBF6}
	EndGlobalSection
EndGlobal
