
Microsoft Visual Studio Solution File, Format Version 12.00
# Visual Studio Version 17
VisualStudioVersion = 17.8.34525.116
MinimumVisualStudioVersion = 10.0.40219.1
Project("{FAE04EC0-301F-11D3-BF4B-00C04F79EFBC}") = "Budget", "Budget\Budget.csproj", "{916752C6-560C-4EA2-BDD6-1BAFF9A6B0E3}"
EndProject
Project("{FAE04EC0-301F-11D3-BF4B-00C04F79EFBC}") = "PrintLib", "..\PrintLib\PrintLib\PrintLib.csproj", "{380BC570-913D-495C-A72B-2ED41B5E8B08}"
EndProject
Project("{FAE04EC0-301F-11D3-BF4B-00C04F79EFBC}") = "GridLib", "..\GridLib\GridLib.csproj", "{292973CE-2080-4AF4-8FBF-6CEA310702EC}"
EndProject
Project("{FAE04EC0-301F-11D3-BF4B-00C04F79EFBC}") = "TypeLib", "..\TypeLib\TypeLib.csproj", "{7226AC75-5789-446A-AF1D-375CCCA0593F}"
EndProject
Project("{FAE04EC0-301F-11D3-BF4B-00C04F79EFBC}") = "WinformsLib", "..\WinformsLib\WinformsLib\WinformsLib.csproj", "{F6B44A49-F409-4D46-833E-39F755A40E9B}"
EndProject
Global
	GlobalSection(SolutionConfigurationPlatforms) = preSolution
		Debug|Any CPU = Debug|Any CPU
		Release|Any CPU = Release|Any CPU
	EndGlobalSection
	GlobalSection(ProjectConfigurationPlatforms) = postSolution
		{916752C6-560C-4EA2-BDD6-1BAFF9A6B0E3}.Debug|Any CPU.ActiveCfg = Debug|Any CPU
		{916752C6-560C-4EA2-BDD6-1BAFF9A6B0E3}.Debug|Any CPU.Build.0 = Debug|Any CPU
		{916752C6-560C-4EA2-BDD6-1BAFF9A6B0E3}.Release|Any CPU.ActiveCfg = Release|Any CPU
		{916752C6-560C-4EA2-BDD6-1BAFF9A6B0E3}.Release|Any CPU.Build.0 = Release|Any CPU
		{380BC570-913D-495C-A72B-2ED41B5E8B08}.Debug|Any CPU.ActiveCfg = Debug|Any CPU
		{380BC570-913D-495C-A72B-2ED41B5E8B08}.Debug|Any CPU.Build.0 = Debug|Any CPU
		{380BC570-913D-495C-A72B-2ED41B5E8B08}.Release|Any CPU.ActiveCfg = Release|Any CPU
		{380BC570-913D-495C-A72B-2ED41B5E8B08}.Release|Any CPU.Build.0 = Release|Any CPU
		{292973CE-2080-4AF4-8FBF-6CEA310702EC}.Debug|Any CPU.ActiveCfg = Debug|Any CPU
		{292973CE-2080-4AF4-8FBF-6CEA310702EC}.Debug|Any CPU.Build.0 = Debug|Any CPU
		{292973CE-2080-4AF4-8FBF-6CEA310702EC}.Release|Any CPU.ActiveCfg = Release|Any CPU
		{292973CE-2080-4AF4-8FBF-6CEA310702EC}.Release|Any CPU.Build.0 = Release|Any CPU
		{7226AC75-5789-446A-AF1D-375CCCA0593F}.Debug|Any CPU.ActiveCfg = Debug|Any CPU
		{7226AC75-5789-446A-AF1D-375CCCA0593F}.Debug|Any CPU.Build.0 = Debug|Any CPU
		{7226AC75-5789-446A-AF1D-375CCCA0593F}.Release|Any CPU.ActiveCfg = Release|Any CPU
		{7226AC75-5789-446A-AF1D-375CCCA0593F}.Release|Any CPU.Build.0 = Release|Any CPU
		{F6B44A49-F409-4D46-833E-39F755A40E9B}.Debug|Any CPU.ActiveCfg = Debug|Any CPU
		{F6B44A49-F409-4D46-833E-39F755A40E9B}.Debug|Any CPU.Build.0 = Debug|Any CPU
		{F6B44A49-F409-4D46-833E-39F755A40E9B}.Release|Any CPU.ActiveCfg = Release|Any CPU
		{F6B44A49-F409-4D46-833E-39F755A40E9B}.Release|Any CPU.Build.0 = Release|Any CPU
	EndGlobalSection
	GlobalSection(SolutionProperties) = preSolution
		HideSolutionNode = FALSE
	EndGlobalSection
	GlobalSection(ExtensibilityGlobals) = postSolution
		SolutionGuid = {226F39A6-4F20-490A-8F25-CE863822BBF6}
	EndGlobalSection
EndGlobal
