
Microsoft Visual Studio Solution File, Format Version 12.00
# Visual Studio Version 17
VisualStudioVersion = 17.8.34525.116
MinimumVisualStudioVersion = 10.0.40219.1
Project("{FAE04EC0-301F-11D3-BF4B-00C04F79EFBC}") = "WinformsLib", "WinformsLib\WinformsLib.csproj", "{F6B44A49-F409-4D46-833E-39F755A40E9B}"
EndProject
Global
	GlobalSection(SolutionConfigurationPlatforms) = preSolution
		Debug|Any CPU = Debug|Any CPU
		Release|Any CPU = Release|Any CPU
	EndGlobalSection
	GlobalSection(ProjectConfigurationPlatforms) = postSolution
		{F6B44A49-F409-4D46-833E-39F755A40E9B}.Debug|Any CPU.ActiveCfg = Debug|Any CPU
		{F6B44A49-F409-4D46-833E-39F755A40E9B}.Debug|Any CPU.Build.0 = Debug|Any CPU
		{F6B44A49-F409-4D46-833E-39F755A40E9B}.Release|Any CPU.ActiveCfg = Release|Any CPU
		{F6B44A49-F409-4D46-833E-39F755A40E9B}.Release|Any CPU.Build.0 = Release|Any CPU
	EndGlobalSection
	GlobalSection(SolutionProperties) = preSolution
		HideSolutionNode = FALSE
	EndGlobalSection
	GlobalSection(ExtensibilityGlobals) = postSolution
		SolutionGuid = {B09C1ED0-0134-4372-A291-70006C2D246A}
	EndGlobalSection
EndGlobal
