
Microsoft Visual Studio Solution File, Format Version 12.00
# Visual Studio Version 17
VisualStudioVersion = 17.8.34525.116
MinimumVisualStudioVersion = 10.0.40219.1
Project("{FAE04EC0-301F-11D3-BF4B-00C04F79EFBC}") = "BudgetWPFFW", "BudgetWPFFW\BudgetWPFFW.csproj", "{F241C38B-A9FA-4452-A05E-1D203130F859}"
EndProject
Global
	GlobalSection(SolutionConfigurationPlatforms) = preSolution
		Debug|Any CPU = Debug|Any CPU
		Release|Any CPU = Release|Any CPU
	EndGlobalSection
	GlobalSection(ProjectConfigurationPlatforms) = postSolution
		{F241C38B-A9FA-4452-A05E-1D203130F859}.Debug|Any CPU.ActiveCfg = Debug|Any CPU
		{F241C38B-A9FA-4452-A05E-1D203130F859}.Debug|Any CPU.Build.0 = Debug|Any CPU
		{F241C38B-A9FA-4452-A05E-1D203130F859}.Release|Any CPU.ActiveCfg = Release|Any CPU
		{F241C38B-A9FA-4452-A05E-1D203130F859}.Release|Any CPU.Build.0 = Release|Any CPU
	EndGlobalSection
	GlobalSection(SolutionProperties) = preSolution
		HideSolutionNode = FALSE
	EndGlobalSection
	GlobalSection(ExtensibilityGlobals) = postSolution
		SolutionGuid = {BF25F0BC-BAB5-44C2-B00F-7329C01DA7A4}
	EndGlobalSection
EndGlobal
